{
  "name": "restaurant-ikyu-clone",
  "version": "1.0.0",
  "lockfileVersion": 3,
  "requires": true,
  "packages": {
    "": {
      "name": "restaurant-ikyu-clone",
      "version": "1.0.0",
      "license": "ISC",
      "workspaces": [
        "packages/web",
        "packages/backend"
      ]
    },
    "front": {
      "version": "1.0.0",
      "extraneous": true,
      "license": "ISC"
    },
    "node_modules/backend": {
      "resolved": "packages/backend",
      "link": true
    },
    "node_modules/web": {
      "resolved": "packages/web",
      "link": true
    },
    "packages/backend": {
      "version": "1.0.0",
      "license": "ISC",
      "devDependencies": {}
    },
    "packages/web": {
      "version": "1.0.0",
      "license": "ISC",
      "devDependencies": {}
    }
  }
}
