{
  "name": "restaurant-ikyu-clone",
  "version": "1.0.0",
  "lockfileVersion": 3,
  "requires": true,
  "packages": {
    "": {
      "name": "restaurant-ikyu-clone",
      "version": "1.0.0",
      "license": "ISC",
      "workspaces": [
        "front"
      ]
    },
    "front": {
      "version": "1.0.0",
      "license": "ISC"
    },
    "node_modules/front": {
      "resolved": "front",
      "link": true
    }
  }
}
